{
  "version": 4,
  "terraform_version": "1.12.2",
  "serial": 3,
  "lineage": "97fcad88-3e9b-caaa-1a3a-1af10dcca021",
  "outputs": {},
  "resources": [
    {
      "mode": "managed",
      "type": "google_storage_bucket",
      "name": "test_storage_bucket",
      "provider": "provider[\"registry.terraform.io/hashicorp/google\"]",
      "instances": [
        {
          "schema_version": 1,
          "attributes": {
            "autoclass": [],
            "cors": [],
            "custom_placement_config": [],
            "default_event_based_hold": false,
            "effective_labels": {},
            "enable_object_retention": false,
            "encryption": [],
            "force_destroy": true,
            "id": "gcp-101-test-bucket",
            "labels": null,
            "lifecycle_rule": [],
            "location": "US",
            "logging": [],
            "name": "gcp-101-test-bucket",
            "project": "gcp-101-dev",
            "project_number": 603530979343,
            "public_access_prevention": "inherited",
            "requester_pays": false,
            "retention_policy": [],
            "rpo": "DEFAULT",
            "self_link": "https://www.googleapis.com/storage/v1/b/gcp-101-test-bucket",
            "soft_delete_policy": [
              {
                "effective_time": "2025-07-14T11:59:38.906Z",
                "retention_duration_seconds": 604800
              }
            ],
            "storage_class": "STANDARD",
            "terraform_labels": {},
            "timeouts": null,
            "uniform_bucket_level_access": false,
            "url": "gs://gcp-101-test-bucket",
            "versioning": [],
            "website": []
          },
          "sensitive_attributes": [],
          "identity_schema_version": 0,
          "private": "eyJlMmJmYjczMC1lY2FhLTExZTYtOGY4OC0zNDM2M2JjN2M0YzAiOnsiY3JlYXRlIjo2MDAwMDAwMDAwMDAsInJlYWQiOjI0MDAwMDAwMDAwMCwidXBkYXRlIjoyNDAwMDAwMDAwMDB9LCJzY2hlbWFfdmVyc2lvbiI6IjEifQ=="
        }
      ]
    }
  ],
  "check_results": null
}
